// !$*UTF8*$!
{
	archiveVersion = 1;
	classes = {
	};
	objectVersion = 46;
	objects = {

/* Begin PBXBuildFile section */
		8C38AF441BE96AFC0021E558 /* AppDelegate.swift in Sources */ = {isa = PBXBuildFile; fileRef = 8C38AF431BE96AFC0021E558 /* AppDelegate.swift */; };
		8C38AF461BE96AFC0021E558 /* ViewController.swift in Sources */ = {isa = PBXBuildFile; fileRef = 8C38AF451BE96AFC0021E558 /* ViewController.swift */; };
		8C38AF491BE96AFC0021E558 /* Main.storyboard in Resources */ = {isa = PBXBuildFile; fileRef = 8C38AF471BE96AFC0021E558 /* Main.storyboard */; };
		8C38AF4B1BE96AFC0021E558 /* Images.xcassets in Resources */ = {isa = PBXBuildFile; fileRef = 8C38AF4A1BE96AFC0021E558 /* Images.xcassets */; };
		8C38AF4E1BE96AFC0021E558 /* LaunchScreen.xib in Resources */ = {isa = PBXBuildFile; fileRef = 8C38AF4C1BE96AFC0021E558 /* LaunchScreen.xib */; };
		8C38AF5A1BE96AFC0021E558 /* iQuiz1Tests.swift in Sources */ = {isa = PBXBuildFile; fileRef = 8C38AF591BE96AFC0021E558 /* iQuiz1Tests.swift */; };
		9D8367921BF1644C00F967A8 /* AnswerViewController.swift in Sources */ = {isa = PBXBuildFile; fileRef = 9D8367911BF1644C00F967A8 /* AnswerViewController.swift */; };
		9D9965571BFE7A45004CFD0E /* PopoverViewController.swift in Sources */ = {isa = PBXBuildFile; fileRef = 9D9965561BFE7A45004CFD0E /* PopoverViewController.swift */; };
		9DAB81041BEED1F700BE1232 /* QuestionViewController.swift in Sources */ = {isa = PBXBuildFile; fileRef = 9DAB81031BEED1F700BE1232 /* QuestionViewController.swift */; };
		9DAB81061BEED24E00BE1232 /* Assets.swift in Sources */ = {isa = PBXBuildFile; fileRef = 9DAB81051BEED24E00BE1232 /* Assets.swift */; };
/* End PBXBuildFile section */

/* Begin PBXContainerItemProxy section */
		8C38AF541BE96AFC0021E558 /* PBXContainerItemProxy */ = {
			isa = PBXContainerItemProxy;
			containerPortal = 8C38AF361BE96AFC0021E558 /* Project object */;
			proxyType = 1;
			remoteGlobalIDString = 8C38AF3D1BE96AFC0021E558;
			remoteInfo = iQuiz1;
		};
/* End PBXContainerItemProxy section */

/* Begin PBXFileReference section */
		8C38AF3E1BE96AFC0021E558 /* iQuiz1.app */ = {isa = PBXFileReference; explicitFileType = wrapper.application; includeInIndex = 0; path = iQuiz1.app; sourceTree = BUILT_PRODUCTS_DIR; };
		8C38AF421BE96AFC0021E558 /* Info.plist */ = {isa = PBXFileReference; lastKnownFileType = text.plist.xml; path = Info.plist; sourceTree = "<group>"; };
		8C38AF431BE96AFC0021E558 /* AppDelegate.swift */ = {isa = PBXFileReference; lastKnownFileType = sourcecode.swift; path = AppDelegate.swift; sourceTree = "<group>"; };
		8C38AF451BE96AFC0021E558 /* ViewController.swift */ = {isa = PBXFileReference; lastKnownFileType = sourcecode.swift; path = ViewController.swift; sourceTree = "<group>"; };
		8C38AF481BE96AFC0021E558 /* Base */ = {isa = PBXFileReference; lastKnownFileType = file.storyboard; name = Base; path = Base.lproj/Main.storyboard; sourceTree = "<group>"; };
		8C38AF4A1BE96AFC0021E558 /* Images.xcassets */ = {isa = PBXFileReference; lastKnownFileType = folder.assetcatalog; path = Images.xcassets; sourceTree = "<group>"; };
		8C38AF4D1BE96AFC0021E558 /* Base */ = {isa = PBXFileReference; lastKnownFileType = file.xib; name = Base; path = Base.lproj/LaunchScreen.xib; sourceTree = "<group>"; };
		8C38AF531BE96AFC0021E558 /* iQuiz1Tests.xctest */ = {isa = PBXFileReference; explicitFileType = wrapper.cfbundle; includeInIndex = 0; path = iQuiz1Tests.xctest; sourceTree = BUILT_PRODUCTS_DIR; };
		8C38AF581BE96AFC0021E558 /* Info.plist */ = {isa = PBXFileReference; lastKnownFileType = text.plist.xml; path = Info.plist; sourceTree = "<group>"; };
		8C38AF591BE96AFC0021E558 /* iQuiz1Tests.swift */ = {isa = PBXFileReference; lastKnownFileType = sourcecode.swift; path = iQuiz1Tests.swift; sourceTree = "<group>"; };
		9D8367911BF1644C00F967A8 /* AnswerViewController.swift */ = {isa = PBXFileReference; fileEncoding = 4; lastKnownFileType = sourcecode.swift; path = AnswerViewController.swift; sourceTree = "<group>"; };
		9D9965561BFE7A45004CFD0E /* PopoverViewController.swift */ = {isa = PBXFileReference; fileEncoding = 4; lastKnownFileType = sourcecode.swift; path = PopoverViewController.swift; sourceTree = "<group>"; };
		9DAB81031BEED1F700BE1232 /* QuestionViewController.swift */ = {isa = PBXFileReference; fileEncoding = 4; lastKnownFileType = sourcecode.swift; path = QuestionViewController.swift; sourceTree = "<group>"; };
		9DAB81051BEED24E00BE1232 /* Assets.swift */ = {isa = PBXFileReference; fileEncoding = 4; lastKnownFileType = sourcecode.swift; path = Assets.swift; sourceTree = "<group>"; };
/* End PBXFileReference section */

/* Begin PBXFrameworksBuildPhase section */
		8C38AF3B1BE96AFC0021E558 /* Frameworks */ = {
			isa = PBXFrameworksBuildPhase;
			buildActionMask = 2147483647;
			files = (
			);
			runOnlyForDeploymentPostprocessing = 0;
		};
		8C38AF501BE96AFC0021E558 /* Frameworks */ = {
			isa = PBXFrameworksBuildPhase;
			buildActionMask = 2147483647;
			files = (
			);
			runOnlyForDeploymentPostprocessing = 0;
		};
/* End PBXFrameworksBuildPhase section */

/* Begin PBXGroup section */
		8C38AF351BE96AFC0021E558 = {
			isa = PBXGroup;
			children = (
				8C38AF401BE96AFC0021E558 /* iQuiz1 */,
				8C38AF561BE96AFC0021E558 /* iQuiz1Tests */,
				8C38AF3F1BE96AFC0021E558 /* Products */,
			);
			sourceTree = "<group>";
		};
		8C38AF3F1BE96AFC0021E558 /* Products */ = {
			isa = PBXGroup;
			children = (
				8C38AF3E1BE96AFC0021E558 /* iQuiz1.app */,
				8C38AF531BE96AFC0021E558 /* iQuiz1Tests.xctest */,
			);
			name = Products;
			sourceTree = "<group>";
		};
		8C38AF401BE96AFC0021E558 /* iQuiz1 */ = {
			isa = PBXGroup;
			children = (
				8C38AF431BE96AFC0021E558 /* AppDelegate.swift */,
				9DAB81051BEED24E00BE1232 /* Assets.swift */,
				8C38AF451BE96AFC0021E558 /* ViewController.swift */,
				9D9965561BFE7A45004CFD0E /* PopoverViewController.swift */,
				9DAB81031BEED1F700BE1232 /* QuestionViewController.swift */,
				9D8367911BF1644C00F967A8 /* AnswerViewController.swift */,
				8C38AF471BE96AFC0021E558 /* Main.storyboard */,
				8C38AF4A1BE96AFC0021E558 /* Images.xcassets */,
				8C38AF4C1BE96AFC0021E558 /* LaunchScreen.xib */,
				8C38AF411BE96AFC0021E558 /* Supporting Files */,
			);
			path = iQuiz1;
			sourceTree = "<group>";
		};
		8C38AF411BE96AFC0021E558 /* Supporting Files */ = {
			isa = PBXGroup;
			children = (
				8C38AF421BE96AFC0021E558 /* Info.plist */,
			);
			name = "Supporting Files";
			sourceTree = "<group>";
		};
		8C38AF561BE96AFC0021E558 /* iQuiz1Tests */ = {
			isa = PBXGroup;
			children = (
				8C38AF591BE96AFC0021E558 /* iQuiz1Tests.swift */,
				8C38AF571BE96AFC0021E558 /* Supporting Files */,
			);
			path = iQuiz1Tests;
			sourceTree = "<group>";
		};
		8C38AF571BE96AFC0021E558 /* Supporting Files */ = {
			isa = PBXGroup;
			children = (
				8C38AF581BE96AFC0021E558 /* Info.plist */,
			);
			name = "Supporting Files";
			sourceTree = "<group>";
		};
/* End PBXGroup section */

/* Begin PBXNativeTarget section */
		8C38AF3D1BE96AFC0021E558 /* iQuiz1 */ = {
			isa = PBXNativeTarget;
			buildConfigurationList = 8C38AF5D1BE96AFC0021E558 /* Build configuration list for PBXNativeTarget "iQuiz1" */;
			buildPhases = (
				8C38AF3A1BE96AFC0021E558 /* Sources */,
				8C38AF3B1BE96AFC0021E558 /* Frameworks */,
				8C38AF3C1BE96AFC0021E558 /* Resources */,
			);
			buildRules = (
			);
			dependencies = (
			);
			name = iQuiz1;
			productName = iQuiz1;
			productReference = 8C38AF3E1BE96AFC0021E558 /* iQuiz1.app */;
			productType = "com.apple.product-type.application";
		};
		8C38AF521BE96AFC0021E558 /* iQuiz1Tests */ = {
			isa = PBXNativeTarget;
			buildConfigurationList = 8C38AF601BE96AFC0021E558 /* Build configuration list for PBXNativeTarget "iQuiz1Tests" */;
			buildPhases = (
				8C38AF4F1BE96AFC0021E558 /* Sources */,
				8C38AF501BE96AFC0021E558 /* Frameworks */,
				8C38AF511BE96AFC0021E558 /* Resources */,
			);
			buildRules = (
			);
			dependencies = (
				8C38AF551BE96AFC0021E558 /* PBXTargetDependency */,
			);
			name = iQuiz1Tests;
			productName = iQuiz1Tests;
			productReference = 8C38AF531BE96AFC0021E558 /* iQuiz1Tests.xctest */;
			productType = "com.apple.product-type.bundle.unit-test";
		};
/* End PBXNativeTarget section */

/* Begin PBXProject section */
		8C38AF361BE96AFC0021E558 /* Project object */ = {
			isa = PBXProject;
			attributes = {
				LastSwiftMigration = 0710;
				LastSwiftUpdateCheck = 0710;
				LastUpgradeCheck = 0630;
				ORGANIZATIONNAME = "Jia Yu";
				TargetAttributes = {
					8C38AF3D1BE96AFC0021E558 = {
						CreatedOnToolsVersion = 6.3.1;
					};
					8C38AF521BE96AFC0021E558 = {
						CreatedOnToolsVersion = 6.3.1;
						TestTargetID = 8C38AF3D1BE96AFC0021E558;
					};
				};
			};
			buildConfigurationList = 8C38AF391BE96AFC0021E558 /* Build configuration list for PBXProject "iQuiz1" */;
			compatibilityVersion = "Xcode 3.2";
			developmentRegion = English;
			hasScannedForEncodings = 0;
			knownRegions = (
				en,
				Base,
			);
			mainGroup = 8C38AF351BE96AFC0021E558;
			productRefGroup = 8C38AF3F1BE96AFC0021E558 /* Products */;
			projectDirPath = "";
			projectRoot = "";
			targets = (
				8C38AF3D1BE96AFC0021E558 /* iQuiz1 */,
				8C38AF521BE96AFC0021E558 /* iQuiz1Tests */,
			);
		};
/* End PBXProject section */

/* Begin PBXResourcesBuildPhase section */
		8C38AF3C1BE96AFC0021E558 /* Resources */ = {
			isa = PBXResourcesBuildPhase;
			buildActionMask = 2147483647;
			files = (
				8C38AF491BE96AFC0021E558 /* Main.storyboard in Resources */,
				8C38AF4E1BE96AFC0021E558 /* LaunchScreen.xib in Resources */,
				8C38AF4B1BE96AFC0021E558 /* Images.xcassets in Resources */,
			);
			runOnlyForDeploymentPostprocessing = 0;
		};
		8C38AF511BE96AFC0021E558 /* Resources */ = {
			isa = PBXResourcesBuildPhase;
			buildActionMask = 2147483647;
			files = (
			);
			runOnlyForDeploymentPostprocessing = 0;
		};
/* End PBXResourcesBuildPhase section */

/* Begin PBXSourcesBuildPhase section */
		8C38AF3A1BE96AFC0021E558 /* Sources */ = {
			isa = PBXSourcesBuildPhase;
			buildActionMask = 2147483647;
			files = (
				8C38AF461BE96AFC0021E558 /* ViewController.swift in Sources */,
				8C38AF441BE96AFC0021E558 /* AppDelegate.swift in Sources */,
				9D8367921BF1644C00F967A8 /* AnswerViewController.swift in Sources */,
				9DAB81061BEED24E00BE1232 /* Assets.swift in Sources */,
				9D9965571BFE7A45004CFD0E /* PopoverViewController.swift in Sources */,
				9DAB81041BEED1F700BE1232 /* QuestionViewController.swift in Sources */,
			);
			runOnlyForDeploymentPostprocessing = 0;
		};
		8C38AF4F1BE96AFC0021E558 /* Sources */ = {
			isa = PBXSourcesBuildPhase;
			buildActionMask = 2147483647;
			files = (
				8C38AF5A1BE96AFC0021E558 /* iQuiz1Tests.swift in Sources */,
			);
			runOnlyForDeploymentPostprocessing = 0;
		};
/* End PBXSourcesBuildPhase section */

/* Begin PBXTargetDependency section */
		8C38AF551BE96AFC0021E558 /* PBXTargetDependency */ = {
			isa = PBXTargetDependency;
			target = 8C38AF3D1BE96AFC0021E558 /* iQuiz1 */;
			targetProxy = 8C38AF541BE96AFC0021E558 /* PBXContainerItemProxy */;
		};
/* End PBXTargetDependency section */

/* Begin PBXVariantGroup section */
		8C38AF471BE96AFC0021E558 /* Main.storyboard */ = {
			isa = PBXVariantGroup;
			children = (
				8C38AF481BE96AFC0021E558 /* Base */,
			);
			name = Main.storyboard;
			sourceTree = "<group>";
		};
		8C38AF4C1BE96AFC0021E558 /* LaunchScreen.xib */ = {
			isa = PBXVariantGroup;
			children = (
				8C38AF4D1BE96AFC0021E558 /* Base */,
			);
			name = LaunchScreen.xib;
			sourceTree = "<group>";
		};
/* End PBXVariantGroup section */

/* Begin XCBuildConfiguration section */
		8C38AF5B1BE96AFC0021E558 /* Debug */ = {
			isa = XCBuildConfiguration;
			buildSettings = {
				ALWAYS_SEARCH_USER_PATHS = NO;
				CLANG_CXX_LANGUAGE_STANDARD = "gnu++0x";
				CLANG_CXX_LIBRARY = "libc++";
				CLANG_ENABLE_MODULES = YES;
				CLANG_ENABLE_OBJC_ARC = YES;
				CLANG_WARN_BOOL_CONVERSION = YES;
				CLANG_WARN_CONSTANT_CONVERSION = YES;
				CLANG_WARN_DIRECT_OBJC_ISA_USAGE = YES_ERROR;
				CLANG_WARN_EMPTY_BODY = YES;
				CLANG_WARN_ENUM_CONVERSION = YES;
				CLANG_WARN_INT_CONVERSION = YES;
				CLANG_WARN_OBJC_ROOT_CLASS = YES_ERROR;
				CLANG_WARN_UNREACHABLE_CODE = YES;
				CLANG_WARN__DUPLICATE_METHOD_MATCH = YES;
				"CODE_SIGN_IDENTITY[sdk=iphoneos*]" = "iPhone Developer";
				COPY_PHASE_STRIP = NO;
				DEBUG_INFORMATION_FORMAT = "dwarf-with-dsym";
				ENABLE_STRICT_OBJC_MSGSEND = YES;
				GCC_C_LANGUAGE_STANDARD = gnu99;
				GCC_DYNAMIC_NO_PIC = NO;
				GCC_NO_COMMON_BLOCKS = YES;
				GCC_OPTIMIZATION_LEVEL = 0;
				GCC_PREPROCESSOR_DEFINITIONS = (
					"DEBUG=1",
					"$(inherited)",
				);
				GCC_SYMBOLS_PRIVATE_EXTERN = NO;
				GCC_WARN_64_TO_32_BIT_CONVERSION = YES;
				GCC_WARN_ABOUT_RETURN_TYPE = YES_ERROR;
				GCC_WARN_UNDECLARED_SELECTOR = YES;
				GCC_WARN_UNINITIALIZED_AUTOS = YES_AGGRESSIVE;
				GCC_WARN_UNUSED_FUNCTION = YES;
				GCC_WARN_UNUSED_VARIABLE = YES;
				IPHONEOS_DEPLOYMENT_TARGET = 8.3;
				MTL_ENABLE_DEBUG_INFO = YES;
				ONLY_ACTIVE_ARCH = YES;
				SDKROOT = iphoneos;
				SWIFT_OPTIMIZATION_LEVEL = "-Onone";
				TARGETED_DEVICE_FAMILY = "1,2";
			};
			name = Debug;
		};
		8C38AF5C1BE96AFC0021E558 /* Release */ = {
			isa = XCBuildConfiguration;
			buildSettings = {
				ALWAYS_SEARCH_USER_PATHS = NO;
				CLANG_CXX_LANGUAGE_STANDARD = "gnu++0x";
				CLANG_CXX_LIBRARY = "libc++";
				CLANG_ENABLE_MODULES = YES;
				CLANG_ENABLE_OBJC_ARC = YES;
				CLANG_WARN_BOOL_CONVERSION = YES;
				CLANG_WARN_CONSTANT_CONVERSION = YES;
				CLANG_WARN_DIRECT_OBJC_ISA_USAGE = YES_ERROR;
				CLANG_WARN_EMPTY_BODY = YES;
				CLANG_WARN_ENUM_CONVERSION = YES;
				CLANG_WARN_INT_CONVERSION = YES;
				CLANG_WARN_OBJC_ROOT_CLASS = YES_ERROR;
				CLANG_WARN_UNREACHABLE_CODE = YES;
				CLANG_WARN__DUPLICATE_METHOD_MATCH = YES;
				"CODE_SIGN_IDENTITY[sdk=iphoneos*]" = "iPhone Developer";
				COPY_PHASE_STRIP = NO;
				DEBUG_INFORMATION_FORMAT = "dwarf-with-dsym";
				ENABLE_NS_ASSERTIONS = NO;
				ENABLE_STRICT_OBJC_MSGSEND = YES;
				GCC_C_LANGUAGE_STANDARD = gnu99;
				GCC_NO_COMMON_BLOCKS = YES;
				GCC_WARN_64_TO_32_BIT_CONVERSION = YES;
				GCC_WARN_ABOUT_RETURN_TYPE = YES_ERROR;
				GCC_WARN_UNDECLARED_SELECTOR = YES;
				GCC_WARN_UNINITIALIZED_AUTOS = YES_AGGRESSIVE;
				GCC_WARN_UNUSED_FUNCTION = YES;
				GCC_WARN_UNUSED_VARIABLE = YES;
				IPHONEOS_DEPLOYMENT_TARGET = 8.3;
				MTL_ENABLE_DEBUG_INFO = NO;
				SDKROOT = iphoneos;
				TARGETED_DEVICE_FAMILY = "1,2";
				VALIDATE_PRODUCT = YES;
			};
			name = Release;
		};
		8C38AF5E1BE96AFC0021E558 /* Debug */ = {
			isa = XCBuildConfiguration;
			buildSettings = {
				ASSETCATALOG_COMPILER_APPICON_NAME = AppIcon;
				INFOPLIST_FILE = iQuiz1/Info.plist;
				LD_RUNPATH_SEARCH_PATHS = "$(inherited) @executable_path/Frameworks";
				PRODUCT_NAME = "$(TARGET_NAME)";
			};
			name = Debug;
		};
		8C38AF5F1BE96AFC0021E558 /* Release */ = {
			isa = XCBuildConfiguration;
			buildSettings = {
				ASSETCATALOG_COMPILER_APPICON_NAME = AppIcon;
				INFOPLIST_FILE = iQuiz1/Info.plist;
				LD_RUNPATH_SEARCH_PATHS = "$(inherited) @executable_path/Frameworks";
				PRODUCT_NAME = "$(TARGET_NAME)";
			};
			name = Release;
		};
		8C38AF611BE96AFC0021E558 /* Debug */ = {
			isa = XCBuildConfiguration;
			buildSettings = {
				BUNDLE_LOADER = "$(TEST_HOST)";
				FRAMEWORK_SEARCH_PATHS = (
					"$(SDKROOT)/Developer/Library/Frameworks",
					"$(inherited)",
				);
				GCC_PREPROCESSOR_DEFINITIONS = (
					"DEBUG=1",
					"$(inherited)",
				);
				INFOPLIST_FILE = iQuiz1Tests/Info.plist;
				LD_RUNPATH_SEARCH_PATHS = "$(inherited) @executable_path/Frameworks @loader_path/Frameworks";
				PRODUCT_NAME = "$(TARGET_NAME)";
				TEST_HOST = "$(BUILT_PRODUCTS_DIR)/iQuiz1.app/iQuiz1";
			};
			name = Debug;
		};
		8C38AF621BE96AFC0021E558 /* Release */ = {
			isa = XCBuildConfiguration;
			buildSettings = {
				BUNDLE_LOADER = "$(TEST_HOST)";
				FRAMEWORK_SEARCH_PATHS = (
					"$(SDKROOT)/Developer/Library/Frameworks",
					"$(inherited)",
				);
				INFOPLIST_FILE = iQuiz1Tests/Info.plist;
				LD_RUNPATH_SEARCH_PATHS = "$(inherited) @executable_path/Frameworks @loader_path/Frameworks";
				PRODUCT_NAME = "$(TARGET_NAME)";
				TEST_HOST = "$(BUILT_PRODUCTS_DIR)/iQuiz1.app/iQuiz1";
			};
			name = Release;
		};
/* End XCBuildConfiguration section */

/* Begin XCConfigurationList section */
		8C38AF391BE96AFC0021E558 /* Build configuration list for PBXProject "iQuiz1" */ = {
			isa = XCConfigurationList;
			buildConfigurations = (
				8C38AF5B1BE96AFC0021E558 /* Debug */,
				8C38AF5C1BE96AFC0021E558 /* Release */,
			);
			defaultConfigurationIsVisible = 0;
			defaultConfigurationName = Release;
		};
		8C38AF5D1BE96AFC0021E558 /* Build configuration list for PBXNativeTarget "iQuiz1" */ = {
			isa = XCConfigurationList;
			buildConfigurations = (
				8C38AF5E1BE96AFC0021E558 /* Debug */,
				8C38AF5F1BE96AFC0021E558 /* Release */,
			);
			defaultConfigurationIsVisible = 0;
			defaultConfigurationName = Release;
		};
		8C38AF601BE96AFC0021E558 /* Build configuration list for PBXNativeTarget "iQuiz1Tests" */ = {
			isa = XCConfigurationList;
			buildConfigurations = (
				8C38AF611BE96AFC0021E558 /* Debug */,
				8C38AF621BE96AFC0021E558 /* Release */,
			);
			defaultConfigurationIsVisible = 0;
			defaultConfigurationName = Release;
		};
/* End XCConfigurationList section */
	};
	rootObject = 8C38AF361BE96AFC0021E558 /* Project object */;
}
